
Microsoft Visual Studio Solution File, Format Version 12.00
# Visual Studio Version 16
VisualStudioVersion = 16.0.31424.327
MinimumVisualStudioVersion = 10.0.40219.1
Project("{FAE04EC0-301F-11D3-BF4B-00C04F79EFBC}") = "Polymorphism", "Polymorphism.csproj", "{A2A0EB38-9941-4765-BB9D-E101B3D95DB7}"
EndProject
Global
	GlobalSection(SolutionConfigurationPlatforms) = preSolution
		Debug|Any CPU = Debug|Any CPU
		Release|Any CPU = Release|Any CPU
	EndGlobalSection
	GlobalSection(ProjectConfigurationPlatforms) = postSolution
		{A2A0EB38-9941-4765-BB9D-E101B3D95DB7}.Debug|Any CPU.ActiveCfg = Debug|Any CPU
		{A2A0EB38-9941-4765-BB9D-E101B3D95DB7}.Debug|Any CPU.Build.0 = Debug|Any CPU
		{A2A0EB38-9941-4765-BB9D-E101B3D95DB7}.Release|Any CPU.ActiveCfg = Release|Any CPU
		{A2A0EB38-9941-4765-BB9D-E101B3D95DB7}.Release|Any CPU.Build.0 = Release|Any CPU
	EndGlobalSection
	GlobalSection(SolutionProperties) = preSolution
		HideSolutionNode = FALSE
	EndGlobalSection
	GlobalSection(ExtensibilityGlobals) = postSolution
		SolutionGuid = {448BA975-BA69-459D-A5A1-74A7231366BD}
	EndGlobalSection
EndGlobal
